
Microsoft Visual Studio Solution File, Format Version 12.00
# Visual Studio Version 17
VisualStudioVersion = 17.4.33110.190
MinimumVisualStudioVersion = 10.0.40219.1
Project("{9A19103F-16F7-4668-BE54-9A1E7A4F7556}") = "Lab4", "Lab4\Lab4.csproj", "{938261AB-270D-4605-AE7F-F5D5C9C71107}"
EndProject
Project("{FAE04EC0-301F-11D3-BF4B-00C04F79EFBC}") = "Lab4NUnit", "Lab4NUnit\Lab4NUnit.csproj", "{555520CE-3565-49FC-BF18-967C1E13C8FB}"
EndProject
Global
	GlobalSection(SolutionConfigurationPlatforms) = preSolution
		Debug|Any CPU = Debug|Any CPU
		Release|Any CPU = Release|Any CPU
	EndGlobalSection
	GlobalSection(ProjectConfigurationPlatforms) = postSolution
		{938261AB-270D-4605-AE7F-F5D5C9C71107}.Debug|Any CPU.ActiveCfg = Debug|Any CPU
		{938261AB-270D-4605-AE7F-F5D5C9C71107}.Debug|Any CPU.Build.0 = Debug|Any CPU
		{938261AB-270D-4605-AE7F-F5D5C9C71107}.Release|Any CPU.ActiveCfg = Release|Any CPU
		{938261AB-270D-4605-AE7F-F5D5C9C71107}.Release|Any CPU.Build.0 = Release|Any CPU
		{555520CE-3565-49FC-BF18-967C1E13C8FB}.Debug|Any CPU.ActiveCfg = Debug|Any CPU
		{555520CE-3565-49FC-BF18-967C1E13C8FB}.Debug|Any CPU.Build.0 = Debug|Any CPU
		{555520CE-3565-49FC-BF18-967C1E13C8FB}.Release|Any CPU.ActiveCfg = Release|Any CPU
		{555520CE-3565-49FC-BF18-967C1E13C8FB}.Release|Any CPU.Build.0 = Release|Any CPU
	EndGlobalSection
	GlobalSection(SolutionProperties) = preSolution
		HideSolutionNode = FALSE
	EndGlobalSection
	GlobalSection(ExtensibilityGlobals) = postSolution
		SolutionGuid = {C8DF6F19-884B-4A0C-972D-CC15479F78A8}
	EndGlobalSection
EndGlobal
